
Microsoft Visual Studio Solution File, Format Version 12.00
# Visual Studio Version 17
VisualStudioVersion = 17.0.31903.59
MinimumVisualStudioVersion = 10.0.40219.1
Project("{FAE04EC0-301F-11D3-BF4B-00C04F79EFBC}") = "WindowCapture", "WindowCapture\WindowCapture.csproj", "{E7E7A1CD-3E86-4987-968A-73299A5E45BB}"
EndProject
Project("{FAE04EC0-301F-11D3-BF4B-00C04F79EFBC}") = "KartersMirrorMode", "KartersMirrorMode\KartersMirrorMode.csproj", "{D2364B2F-52A4-4DF2-8097-4B74FE6CAA17}"
EndProject
Project("{FAE04EC0-301F-11D3-BF4B-00C04F79EFBC}") = "CNKStyleBoostBar", "CNKStyleBoostBar\CNKStyleBoostBar.csproj", "{4B7A51FD-5596-41B3-BE4D-DC42259306ED}"
EndProject
Global
	GlobalSection(SolutionProperties) = preSolution
		HideSolutionNode = FALSE
	EndGlobalSection
	GlobalSection(SolutionConfigurationPlatforms) = preSolution
		Debug|Any CPU = Debug|Any CPU
		Debug|x64 = Debug|x64
		Debug|x86 = Debug|x86
		Release|Any CPU = Release|Any CPU
		Release|x64 = Release|x64
		Release|x86 = Release|x86
	EndGlobalSection
	GlobalSection(ProjectConfigurationPlatforms) = postSolution
		{E7E7A1CD-3E86-4987-968A-73299A5E45BB}.Debug|Any CPU.ActiveCfg = Debug|Any CPU
		{E7E7A1CD-3E86-4987-968A-73299A5E45BB}.Debug|Any CPU.Build.0 = Debug|Any CPU
		{E7E7A1CD-3E86-4987-968A-73299A5E45BB}.Debug|x64.ActiveCfg = Debug|Any CPU
		{E7E7A1CD-3E86-4987-968A-73299A5E45BB}.Debug|x64.Build.0 = Debug|Any CPU
		{E7E7A1CD-3E86-4987-968A-73299A5E45BB}.Debug|x86.ActiveCfg = Debug|Any CPU
		{E7E7A1CD-3E86-4987-968A-73299A5E45BB}.Debug|x86.Build.0 = Debug|Any CPU
		{E7E7A1CD-3E86-4987-968A-73299A5E45BB}.Release|Any CPU.ActiveCfg = Release|Any CPU
		{E7E7A1CD-3E86-4987-968A-73299A5E45BB}.Release|Any CPU.Build.0 = Release|Any CPU
		{E7E7A1CD-3E86-4987-968A-73299A5E45BB}.Release|x64.ActiveCfg = Release|Any CPU
		{E7E7A1CD-3E86-4987-968A-73299A5E45BB}.Release|x64.Build.0 = Release|Any CPU
		{E7E7A1CD-3E86-4987-968A-73299A5E45BB}.Release|x86.ActiveCfg = Release|Any CPU
		{E7E7A1CD-3E86-4987-968A-73299A5E45BB}.Release|x86.Build.0 = Release|Any CPU
		{D2364B2F-52A4-4DF2-8097-4B74FE6CAA17}.Debug|Any CPU.ActiveCfg = Debug|Any CPU
		{D2364B2F-52A4-4DF2-8097-4B74FE6CAA17}.Debug|Any CPU.Build.0 = Debug|Any CPU
		{D2364B2F-52A4-4DF2-8097-4B74FE6CAA17}.Debug|x64.ActiveCfg = Debug|Any CPU
		{D2364B2F-52A4-4DF2-8097-4B74FE6CAA17}.Debug|x64.Build.0 = Debug|Any CPU
		{D2364B2F-52A4-4DF2-8097-4B74FE6CAA17}.Debug|x86.ActiveCfg = Debug|Any CPU
		{D2364B2F-52A4-4DF2-8097-4B74FE6CAA17}.Debug|x86.Build.0 = Debug|Any CPU
		{D2364B2F-52A4-4DF2-8097-4B74FE6CAA17}.Release|Any CPU.ActiveCfg = Release|Any CPU
		{D2364B2F-52A4-4DF2-8097-4B74FE6CAA17}.Release|Any CPU.Build.0 = Release|Any CPU
		{D2364B2F-52A4-4DF2-8097-4B74FE6CAA17}.Release|x64.ActiveCfg = Release|Any CPU
		{D2364B2F-52A4-4DF2-8097-4B74FE6CAA17}.Release|x64.Build.0 = Release|Any CPU
		{D2364B2F-52A4-4DF2-8097-4B74FE6CAA17}.Release|x86.ActiveCfg = Release|Any CPU
		{D2364B2F-52A4-4DF2-8097-4B74FE6CAA17}.Release|x86.Build.0 = Release|Any CPU
		{4B7A51FD-5596-41B3-BE4D-DC42259306ED}.Debug|Any CPU.ActiveCfg = Debug|Any CPU
		{4B7A51FD-5596-41B3-BE4D-DC42259306ED}.Debug|Any CPU.Build.0 = Debug|Any CPU
		{4B7A51FD-5596-41B3-BE4D-DC42259306ED}.Debug|x64.ActiveCfg = Debug|Any CPU
		{4B7A51FD-5596-41B3-BE4D-DC42259306ED}.Debug|x64.Build.0 = Debug|Any CPU
		{4B7A51FD-5596-41B3-BE4D-DC42259306ED}.Debug|x86.ActiveCfg = Debug|Any CPU
		{4B7A51FD-5596-41B3-BE4D-DC42259306ED}.Debug|x86.Build.0 = Debug|Any CPU
		{4B7A51FD-5596-41B3-BE4D-DC42259306ED}.Release|Any CPU.ActiveCfg = Release|Any CPU
		{4B7A51FD-5596-41B3-BE4D-DC42259306ED}.Release|Any CPU.Build.0 = Release|Any CPU
		{4B7A51FD-5596-41B3-BE4D-DC42259306ED}.Release|x64.ActiveCfg = Release|Any CPU
		{4B7A51FD-5596-41B3-BE4D-DC42259306ED}.Release|x64.Build.0 = Release|Any CPU
		{4B7A51FD-5596-41B3-BE4D-DC42259306ED}.Release|x86.ActiveCfg = Release|Any CPU
		{4B7A51FD-5596-41B3-BE4D-DC42259306ED}.Release|x86.Build.0 = Release|Any CPU
	EndGlobalSection
EndGlobal
